{
    "_meta": {
        "hash": {
            "sha256": "25e207dbcb4ae330d0cab730114bc254c4381ba348d47bdae004aed4790fb7e2"
        },
        "pipfile-spec": 6,
        "requires": {
            "python_version": "3.8"
        },
        "sources": [
            {
                "name": "pypi",
                "url": "https://pypi.org/simple",
                "verify_ssl": true
            }
        ]
    },
    "default": {
        "docopt": {
            "hashes": [
                "sha256:49b3a825280bd66b3aa83585ef59c4a8c82f2c8a522dbe754a8bc8d08c85c491"
            ],
            "index": "pypi",
            "version": "==0.6.2"
        },
        "greenlet": {
            "hashes": [
                "sha256:000546ad01e6389e98626c1367be58efa613fa82a1be98b0c6fc24b563acc6d0",
                "sha256:0d48200bc50cbf498716712129eef819b1729339e34c3ae71656964dac907c28",
                "sha256:23d12eacffa9d0f290c0fe0c4e81ba6d5f3a5b7ac3c30a5eaf0126bf4deda5c8",
                "sha256:37c9ba82bd82eb6a23c2e5acc03055c0e45697253b2393c9a50cef76a3985304",
                "sha256:51155342eb4d6058a0ffcd98a798fe6ba21195517da97e15fca3db12ab201e6e",
                "sha256:51503524dd6f152ab4ad1fbd168fc6c30b5795e8c70be4410a64940b3abb55c0",
                "sha256:7457d685158522df483196b16ec648b28f8e847861adb01a55d41134e7734122",
                "sha256:8041e2de00e745c0e05a502d6e6db310db7faa7c979b3a5877123548a4c0b214",
                "sha256:81fcd96a275209ef117e9ec91f75c731fa18dcfd9ffaa1c0adbdaa3616a86043",
                "sha256:853da4f9563d982e4121fed8c92eea1a4594a2299037b3034c3c898cb8e933d6",
                "sha256:8b4572c334593d449113f9dc8d19b93b7b271bdbe90ba7509eb178923327b625",
                "sha256:9416443e219356e3c31f1f918a91badf2e37acf297e2fa13d24d1cc2380f8fbc",
                "sha256:9854f612e1b59ec66804931df5add3b2d5ef0067748ea29dc60f0efdcda9a638",
                "sha256:99a26afdb82ea83a265137a398f570402aa1f2b5dfb4ac3300c026931817b163",
                "sha256:a19bf883b3384957e4a4a13e6bd1ae3d85ae87f4beb5957e35b0be287f12f4e4",
                "sha256:a9f145660588187ff835c55a7d2ddf6abfc570c2651c276d3d4be8a2766db490",
                "sha256:ac57fcdcfb0b73bb3203b58a14501abb7e5ff9ea5e2edfa06bb03035f0cff248",
                "sha256:bcb530089ff24f6458a81ac3fa699e8c00194208a724b644ecc68422e1111939",
                "sha256:beeabe25c3b704f7d56b573f7d2ff88fc99f0138e43480cecdfcaa3b87fe4f87",
                "sha256:d634a7ea1fc3380ff96f9e44d8d22f38418c1c381d5fac680b272d7d90883720",
                "sha256:d97b0661e1aead761f0ded3b769044bb00ed5d33e1ec865e891a8b128bf7c656",
                "sha256:e538b8dae561080b542b0f5af64d47ef859f22517f7eca617bb314e0e03fd7ef"
            ],
            "version": "==0.4.15"
        },
        "jinja2": {
            "hashes": [
                "sha256:89aab215427ef59c34ad58735269eb58b1a5808103067f7bb9d5836c651b3bb0",
                "sha256:f0a4641d3cf955324a89c04f3d94663aa4d638abe8f733ecd3582848e1c37035"
            ],
            "index": "pypi",
            "version": "==2.11.2"
        },
        "markupsafe": {
            "hashes": [
                "sha256:00bc623926325b26bb9605ae9eae8a215691f33cae5df11ca5424f06f2d1f473",
                "sha256:09027a7803a62ca78792ad89403b1b7a73a01c8cb65909cd876f7fcebd79b161",
                "sha256:09c4b7f37d6c648cb13f9230d847adf22f8171b1ccc4d5682398e77f40309235",
                "sha256:1027c282dad077d0bae18be6794e6b6b8c91d58ed8a8d89a89d59693b9131db5",
                "sha256:13d3144e1e340870b25e7b10b98d779608c02016d5184cfb9927a9f10c689f42",
                "sha256:24982cc2533820871eba85ba648cd53d8623687ff11cbb805be4ff7b4c971aff",
                "sha256:29872e92839765e546828bb7754a68c418d927cd064fd4708fab9fe9c8bb116b",
                "sha256:43a55c2930bbc139570ac2452adf3d70cdbb3cfe5912c71cdce1c2c6bbd9c5d1",
                "sha256:46c99d2de99945ec5cb54f23c8cd5689f6d7177305ebff350a58ce5f8de1669e",
                "sha256:500d4957e52ddc3351cabf489e79c91c17f6e0899158447047588650b5e69183",
                "sha256:535f6fc4d397c1563d08b88e485c3496cf5784e927af890fb3c3aac7f933ec66",
                "sha256:596510de112c685489095da617b5bcbbac7dd6384aeebeda4df6025d0256a81b",
                "sha256:62fe6c95e3ec8a7fad637b7f3d372c15ec1caa01ab47926cfdf7a75b40e0eac1",
                "sha256:6788b695d50a51edb699cb55e35487e430fa21f1ed838122d722e0ff0ac5ba15",
                "sha256:6dd73240d2af64df90aa7c4e7481e23825ea70af4b4922f8ede5b9e35f78a3b1",
                "sha256:717ba8fe3ae9cc0006d7c451f0bb265ee07739daf76355d06366154ee68d221e",
                "sha256:79855e1c5b8da654cf486b830bd42c06e8780cea587384cf6545b7d9ac013a0b",
                "sha256:7c1699dfe0cf8ff607dbdcc1e9b9af1755371f92a68f706051cc8c37d447c905",
                "sha256:88e5fcfb52ee7b911e8bb6d6aa2fd21fbecc674eadd44118a9cc3863f938e735",
                "sha256:8defac2f2ccd6805ebf65f5eeb132adcf2ab57aa11fdf4c0dd5169a004710e7d",
                "sha256:98c7086708b163d425c67c7a91bad6e466bb99d797aa64f965e9d25c12111a5e",
                "sha256:9add70b36c5666a2ed02b43b335fe19002ee5235efd4b8a89bfcf9005bebac0d",
                "sha256:9bf40443012702a1d2070043cb6291650a0841ece432556f784f004937f0f32c",
                "sha256:ade5e387d2ad0d7ebf59146cc00c8044acbd863725f887353a10df825fc8ae21",
                "sha256:b00c1de48212e4cc9603895652c5c410df699856a2853135b3967591e4beebc2",
                "sha256:b1282f8c00509d99fef04d8ba936b156d419be841854fe901d8ae224c59f0be5",
                "sha256:b2051432115498d3562c084a49bba65d97cf251f5a331c64a12ee7e04dacc51b",
                "sha256:ba59edeaa2fc6114428f1637ffff42da1e311e29382d81b339c1817d37ec93c6",
                "sha256:c8716a48d94b06bb3b2524c2b77e055fb313aeb4ea620c8dd03a105574ba704f",
                "sha256:cd5df75523866410809ca100dc9681e301e3c27567cf498077e8551b6d20e42f",
                "sha256:cdb132fc825c38e1aeec2c8aa9338310d29d337bebbd7baa06889d09a60a1fa2",
                "sha256:e249096428b3ae81b08327a63a485ad0878de3fb939049038579ac0ef61e17e7",
                "sha256:e8313f01ba26fbbe36c7be1966a7b7424942f670f38e666995b88d012765b9be"
            ],
            "version": "==1.1.1"
        },
        "msgpack": {
            "hashes": [
                "sha256:002a0d813e1f7b60da599bdf969e632074f9eec1b96cbed8fb0973a63160a408",
                "sha256:25b3bc3190f3d9d965b818123b7752c5dfb953f0d774b454fd206c18fe384fb8",
                "sha256:271b489499a43af001a2e42f42d876bb98ccaa7e20512ff37ca78c8e12e68f84",
                "sha256:39c54fdebf5fa4dda733369012c59e7d085ebdfe35b6cf648f09d16708f1be5d",
                "sha256:4233b7f86c1208190c78a525cd3828ca1623359ef48f78a6fea4b91bb995775a",
                "sha256:5bea44181fc8e18eed1d0cd76e355073f00ce232ff9653a0ae88cb7d9e643322",
                "sha256:5dba6d074fac9b24f29aaf1d2d032306c27f04187651511257e7831733293ec2",
                "sha256:7a22c965588baeb07242cb561b63f309db27a07382825fc98aecaf0827c1538e",
                "sha256:908944e3f038bca67fcfedb7845c4a257c7749bf9818632586b53bcf06ba4b97",
                "sha256:9534d5cc480d4aff720233411a1f765be90885750b07df772380b34c10ecb5c0",
                "sha256:aa5c057eab4f40ec47ea6f5a9825846be2ff6bf34102c560bad5cad5a677c5be",
                "sha256:b3758dfd3423e358bbb18a7cccd1c74228dffa7a697e5be6cb9535de625c0dbf",
                "sha256:c901e8058dd6653307906c5f157f26ed09eb94a850dddd989621098d347926ab",
                "sha256:cec8bf10981ed70998d98431cd814db0ecf3384e6b113366e7f36af71a0fca08",
                "sha256:db685187a415f51d6b937257474ca72199f393dad89534ebbdd7d7a3b000080e",
                "sha256:e35b051077fc2f3ce12e7c6a34cf309680c63a842db3a0616ea6ed25ad20d272",
                "sha256:e7bbdd8e2b277b77782f3ce34734b0dfde6cbe94ddb74de8d733d603c7f9e2b1",
                "sha256:ea41c9219c597f1d2bf6b374d951d310d58684b5de9dc4bd2976db9e1e22c140"
            ],
            "version": "==1.0.0"
        },
        "neovim": {
            "hashes": [
                "sha256:a6a0e7a5b4433bf4e6ddcbc5c5ff44170be7d84259d002b8e8d8fb4ee78af60f"
            ],
            "index": "pypi",
            "version": "==0.3.1"
        },
        "pynvim": {
            "hashes": [
                "sha256:55e918d664654cfa1c9889d3dbe7c63e9f338df5d49471663f78d54c85e84c58"
            ],
            "version": "==0.4.1"
        },
        "ruamel.yaml": {
            "hashes": [
                "sha256:0962fd7999e064c4865f96fb1e23079075f4a2a14849bcdc5cdba53a24f9759b",
                "sha256:099c644a778bf72ffa00524f78dd0b6476bca94a1da344130f4bf3381ce5b954"
            ],
            "index": "pypi",
            "version": "==0.16.10"
        },
        "ruamel.yaml.clib": {
            "hashes": [
                "sha256:1e77424825caba5553bbade750cec2277ef130647d685c2b38f68bc03453bac6",
                "sha256:392b7c371312abf27fb549ec2d5e0092f7ef6e6c9f767bfb13e83cb903aca0fd",
                "sha256:4d55386129291b96483edcb93b381470f7cd69f97585829b048a3d758d31210a",
                "sha256:550168c02d8de52ee58c3d8a8193d5a8a9491a5e7b2462d27ac5bf63717574c9",
                "sha256:57933a6986a3036257ad7bf283529e7c19c2810ff24c86f4a0cfeb49d2099919",
                "sha256:615b0396a7fad02d1f9a0dcf9f01202bf9caefee6265198f252c865f4227fcc6",
                "sha256:77556a7aa190be9a2bd83b7ee075d3df5f3c5016d395613671487e79b082d784",
                "sha256:7aee724e1ff424757b5bd8f6c5bbdb033a570b2b4683b17ace4dbe61a99a657b",
                "sha256:8073c8b92b06b572e4057b583c3d01674ceaf32167801fe545a087d7a1e8bf52",
                "sha256:9c6d040d0396c28d3eaaa6cb20152cb3b2f15adf35a0304f4f40a3cf9f1d2448",
                "sha256:a0ff786d2a7dbe55f9544b3f6ebbcc495d7e730df92a08434604f6f470b899c5",
                "sha256:b1b7fcee6aedcdc7e62c3a73f238b3d080c7ba6650cd808bce8d7761ec484070",
                "sha256:b66832ea8077d9b3f6e311c4a53d06273db5dc2db6e8a908550f3c14d67e718c",
                "sha256:be018933c2f4ee7de55e7bd7d0d801b3dfb09d21dad0cce8a97995fd3e44be30",
                "sha256:d0d3ac228c9bbab08134b4004d748cf9f8743504875b3603b3afbb97e3472947",
                "sha256:d10e9dd744cf85c219bf747c75194b624cc7a94f0c80ead624b06bfa9f61d3bc",
                "sha256:ea4362548ee0cbc266949d8a441238d9ad3600ca9910c3fe4e82ee3a50706973",
                "sha256:ed5b3698a2bb241b7f5cbbe277eaa7fe48b07a58784fba4f75224fd066d253ad",
                "sha256:f9dcc1ae73f36e8059589b601e8e4776b9976effd76c21ad6a855a74318efd6e"
            ],
            "markers": "platform_python_implementation == 'CPython' and python_version < '3.9'",
            "version": "==0.2.0"
        }
    },
    "develop": {}
}
