{
    "_meta": {
        "hash": {
            "sha256": "83d42ebdc327da1f4b627e2944715bc7437806b28bcc4933a94e8c67d3d394bd"
        },
        "pipfile-spec": 6,
        "requires": {
            "python_version": "3.8"
        },
        "sources": [
            {
                "name": "pypi",
                "url": "https://pypi.org/simple",
                "verify_ssl": true
            }
        ]
    },
    "default": {
        "docopt": {
            "hashes": [
                "sha256:49b3a825280bd66b3aa83585ef59c4a8c82f2c8a522dbe754a8bc8d08c85c491"
            ],
            "index": "pypi",
            "version": "==0.6.2"
        },
        "greenlet": {
            "hashes": [
                "sha256:1023d7b43ca11264ab7052cb09f5635d4afdb43df55e0854498fc63070a0b206",
                "sha256:124a3ae41215f71dc91d1a3d45cbf2f84e46b543e5d60b99ecc20e24b4c8f272",
                "sha256:13037e2d7ab2145300676852fa069235512fdeba4ed1e3bb4b0677a04223c525",
                "sha256:3af587e9813f9bd8be9212722321a5e7be23b2bc37e6323a90e592ab0c2ef117",
                "sha256:41d8835c69a78de718e466dd0e6bfd4b46125f21a67c3ff6d76d8d8059868d6b",
                "sha256:4481002118b2f1588fa3d821936ffdc03db80ef21186b62b90c18db4ba5e743b",
                "sha256:47825c3a109f0331b1e54c1173d4e57fa000aa6c96756b62852bfa1af91cd652",
                "sha256:5494e3baeacc371d988345fbf8aa4bd15555b3077c40afcf1994776bb6d77eaf",
                "sha256:75e4c27188f28149b74e7685809f9227410fd15432a4438fc48627f518577fa5",
                "sha256:97f2b01ab622a4aa4b3724a3e1fba66f47f054c434fbaa551833fa2b41e3db51",
                "sha256:a34023b9eabb3525ee059f3bf33a417d2e437f7f17e341d334987d4091ae6072",
                "sha256:ac85db59aa43d78547f95fc7b6fd2913e02b9e9b09e2490dfb7bbdf47b2a4914",
                "sha256:be7a79988b8fdc5bbbeaed69e79cfb373da9759242f1565668be4fb7f3f37552",
                "sha256:bee111161420f341a346731279dd976be161b465c1286f82cc0779baf7b729e8",
                "sha256:ccd62f09f90b2730150d82f2f2ffc34d73c6ce7eac234aed04d15dc8a3023994",
                "sha256:d3436110ca66fe3981031cc6aff8cc7a40d8411d173dde73ddaa5b8445385e2d",
                "sha256:e495096e3e2e8f7192afb6aaeba19babc4fb2bdf543d7b7fed59e00c1df7f170",
                "sha256:e66a824f44892bc4ec66c58601a413419cafa9cec895e63d8da889c8a1a4fa4a"
            ],
            "version": "==0.4.17"
        },
        "jinja2": {
            "hashes": [
                "sha256:89aab215427ef59c34ad58735269eb58b1a5808103067f7bb9d5836c651b3bb0",
                "sha256:f0a4641d3cf955324a89c04f3d94663aa4d638abe8f733ecd3582848e1c37035"
            ],
            "index": "pypi",
            "version": "==2.11.2"
        },
        "markupsafe": {
            "hashes": [
                "sha256:00bc623926325b26bb9605ae9eae8a215691f33cae5df11ca5424f06f2d1f473",
                "sha256:09027a7803a62ca78792ad89403b1b7a73a01c8cb65909cd876f7fcebd79b161",
                "sha256:09c4b7f37d6c648cb13f9230d847adf22f8171b1ccc4d5682398e77f40309235",
                "sha256:1027c282dad077d0bae18be6794e6b6b8c91d58ed8a8d89a89d59693b9131db5",
                "sha256:13d3144e1e340870b25e7b10b98d779608c02016d5184cfb9927a9f10c689f42",
                "sha256:24982cc2533820871eba85ba648cd53d8623687ff11cbb805be4ff7b4c971aff",
                "sha256:29872e92839765e546828bb7754a68c418d927cd064fd4708fab9fe9c8bb116b",
                "sha256:43a55c2930bbc139570ac2452adf3d70cdbb3cfe5912c71cdce1c2c6bbd9c5d1",
                "sha256:46c99d2de99945ec5cb54f23c8cd5689f6d7177305ebff350a58ce5f8de1669e",
                "sha256:500d4957e52ddc3351cabf489e79c91c17f6e0899158447047588650b5e69183",
                "sha256:535f6fc4d397c1563d08b88e485c3496cf5784e927af890fb3c3aac7f933ec66",
                "sha256:596510de112c685489095da617b5bcbbac7dd6384aeebeda4df6025d0256a81b",
                "sha256:62fe6c95e3ec8a7fad637b7f3d372c15ec1caa01ab47926cfdf7a75b40e0eac1",
                "sha256:6788b695d50a51edb699cb55e35487e430fa21f1ed838122d722e0ff0ac5ba15",
                "sha256:6dd73240d2af64df90aa7c4e7481e23825ea70af4b4922f8ede5b9e35f78a3b1",
                "sha256:717ba8fe3ae9cc0006d7c451f0bb265ee07739daf76355d06366154ee68d221e",
                "sha256:79855e1c5b8da654cf486b830bd42c06e8780cea587384cf6545b7d9ac013a0b",
                "sha256:7c1699dfe0cf8ff607dbdcc1e9b9af1755371f92a68f706051cc8c37d447c905",
                "sha256:88e5fcfb52ee7b911e8bb6d6aa2fd21fbecc674eadd44118a9cc3863f938e735",
                "sha256:8defac2f2ccd6805ebf65f5eeb132adcf2ab57aa11fdf4c0dd5169a004710e7d",
                "sha256:98c7086708b163d425c67c7a91bad6e466bb99d797aa64f965e9d25c12111a5e",
                "sha256:9add70b36c5666a2ed02b43b335fe19002ee5235efd4b8a89bfcf9005bebac0d",
                "sha256:9bf40443012702a1d2070043cb6291650a0841ece432556f784f004937f0f32c",
                "sha256:ade5e387d2ad0d7ebf59146cc00c8044acbd863725f887353a10df825fc8ae21",
                "sha256:b00c1de48212e4cc9603895652c5c410df699856a2853135b3967591e4beebc2",
                "sha256:b1282f8c00509d99fef04d8ba936b156d419be841854fe901d8ae224c59f0be5",
                "sha256:b2051432115498d3562c084a49bba65d97cf251f5a331c64a12ee7e04dacc51b",
                "sha256:ba59edeaa2fc6114428f1637ffff42da1e311e29382d81b339c1817d37ec93c6",
                "sha256:c8716a48d94b06bb3b2524c2b77e055fb313aeb4ea620c8dd03a105574ba704f",
                "sha256:cd5df75523866410809ca100dc9681e301e3c27567cf498077e8551b6d20e42f",
                "sha256:cdb132fc825c38e1aeec2c8aa9338310d29d337bebbd7baa06889d09a60a1fa2",
                "sha256:e249096428b3ae81b08327a63a485ad0878de3fb939049038579ac0ef61e17e7",
                "sha256:e8313f01ba26fbbe36c7be1966a7b7424942f670f38e666995b88d012765b9be"
            ],
            "markers": "python_version >= '2.7' and python_version not in '3.0, 3.1, 3.2, 3.3'",
            "version": "==1.1.1"
        },
        "msgpack": {
            "hashes": [
                "sha256:002a0d813e1f7b60da599bdf969e632074f9eec1b96cbed8fb0973a63160a408",
                "sha256:25b3bc3190f3d9d965b818123b7752c5dfb953f0d774b454fd206c18fe384fb8",
                "sha256:271b489499a43af001a2e42f42d876bb98ccaa7e20512ff37ca78c8e12e68f84",
                "sha256:39c54fdebf5fa4dda733369012c59e7d085ebdfe35b6cf648f09d16708f1be5d",
                "sha256:4233b7f86c1208190c78a525cd3828ca1623359ef48f78a6fea4b91bb995775a",
                "sha256:5bea44181fc8e18eed1d0cd76e355073f00ce232ff9653a0ae88cb7d9e643322",
                "sha256:5dba6d074fac9b24f29aaf1d2d032306c27f04187651511257e7831733293ec2",
                "sha256:7a22c965588baeb07242cb561b63f309db27a07382825fc98aecaf0827c1538e",
                "sha256:908944e3f038bca67fcfedb7845c4a257c7749bf9818632586b53bcf06ba4b97",
                "sha256:9534d5cc480d4aff720233411a1f765be90885750b07df772380b34c10ecb5c0",
                "sha256:aa5c057eab4f40ec47ea6f5a9825846be2ff6bf34102c560bad5cad5a677c5be",
                "sha256:b3758dfd3423e358bbb18a7cccd1c74228dffa7a697e5be6cb9535de625c0dbf",
                "sha256:c901e8058dd6653307906c5f157f26ed09eb94a850dddd989621098d347926ab",
                "sha256:cec8bf10981ed70998d98431cd814db0ecf3384e6b113366e7f36af71a0fca08",
                "sha256:db685187a415f51d6b937257474ca72199f393dad89534ebbdd7d7a3b000080e",
                "sha256:e35b051077fc2f3ce12e7c6a34cf309680c63a842db3a0616ea6ed25ad20d272",
                "sha256:e7bbdd8e2b277b77782f3ce34734b0dfde6cbe94ddb74de8d733d603c7f9e2b1",
                "sha256:ea41c9219c597f1d2bf6b374d951d310d58684b5de9dc4bd2976db9e1e22c140"
            ],
            "version": "==1.0.0"
        },
        "neovim": {
            "hashes": [
                "sha256:a6a0e7a5b4433bf4e6ddcbc5c5ff44170be7d84259d002b8e8d8fb4ee78af60f"
            ],
            "index": "pypi",
            "version": "==0.3.1"
        },
        "pynvim": {
            "hashes": [
                "sha256:6bc6204d465de5888a0c5e3e783fe01988b032e22ae87875912280bef0e40f8f"
            ],
            "version": "==0.4.2"
        },
        "python-magic": {
            "hashes": [
                "sha256:356efa93c8899047d1eb7d3eb91e871ba2f5b1376edbaf4cc305e3c872207355",
                "sha256:b757db2a5289ea3f1ced9e60f072965243ea43a2221430048fd8cacab17be0ce"
            ],
            "index": "pypi",
            "version": "==0.4.18"
        },
        "ruamel.yaml": {
            "hashes": [
                "sha256:012b9470a0ea06e4e44e99e7920277edf6b46eee0232a04487ea73a7386340a5",
                "sha256:076cc0bc34f1966d920a49f18b52b6ad559fbe656a0748e3535cf7b3f29ebf9e"
            ],
            "index": "pypi",
            "version": "==0.16.12"
        },
        "ruamel.yaml.clib": {
            "hashes": [
                "sha256:058a1cc3df2a8aecc12f983a48bda99315cebf55a3b3a5463e37bb599b05727b",
                "sha256:2602e91bd5c1b874d6f93d3086f9830f3e907c543c7672cf293a97c3fabdcd91",
                "sha256:28116f204103cb3a108dfd37668f20abe6e3cafd0d3fd40dba126c732457b3cc",
                "sha256:2d24bd98af676f4990c4d715bcdc2a60b19c56a3fb3a763164d2d8ca0e806ba7",
                "sha256:30dca9bbcbb1cc858717438218d11eafb78666759e5094dd767468c0d577a7e7",
                "sha256:44c7b0498c39f27795224438f1a6be6c5352f82cb887bc33d962c3a3acc00df6",
                "sha256:464e66a04e740d754170be5e740657a3b3b6d2bcc567f0c3437879a6e6087ff6",
                "sha256:4df5019e7783d14b79217ad9c56edf1ba7485d614ad5a385d1b3c768635c81c0",
                "sha256:4e52c96ca66de04be42ea2278012a2342d89f5e82b4512fb6fb7134e377e2e62",
                "sha256:5254af7d8bdf4d5484c089f929cb7f5bafa59b4f01d4f48adda4be41e6d29f99",
                "sha256:52ae5739e4b5d6317b52f5b040b1b6639e8af68a5b8fd606a8b08658fbd0cab5",
                "sha256:53b9dd1abd70e257a6e32f934ebc482dac5edb8c93e23deb663eac724c30b026",
                "sha256:73b3d43e04cc4b228fa6fa5d796409ece6fcb53a6c270eb2048109cbcbc3b9c2",
                "sha256:74161d827407f4db9072011adcfb825b5258a5ccb3d2cd518dd6c9edea9e30f1",
                "sha256:839dd72545ef7ba78fd2aa1a5dd07b33696adf3e68fae7f31327161c1093001b",
                "sha256:8e8fd0a22c9d92af3a34f91e8a2594eeb35cba90ab643c5e0e643567dc8be43e",
                "sha256:a873e4d4954f865dcb60bdc4914af7eaae48fb56b60ed6daa1d6251c72f5337c",
                "sha256:ab845f1f51f7eb750a78937be9f79baea4a42c7960f5a94dde34e69f3cce1988",
                "sha256:b1e981fe1aff1fd11627f531524826a4dcc1f26c726235a52fcb62ded27d150f",
                "sha256:b4b0d31f2052b3f9f9b5327024dc629a253a83d8649d4734ca7f35b60ec3e9e5",
                "sha256:c6ac7e45367b1317e56f1461719c853fd6825226f45b835df7436bb04031fd8a",
                "sha256:daf21aa33ee9b351f66deed30a3d450ab55c14242cfdfcd377798e2c0d25c9f1",
                "sha256:e9f7d1d8c26a6a12c23421061f9022bb62704e38211fe375c645485f38df34a2",
                "sha256:f6061a31880c1ed6b6ce341215336e2f3d0c1deccd84957b6fa8ca474b41e89f"
            ],
            "markers": "python_version < '3.9' and platform_python_implementation == 'CPython'",
            "version": "==0.2.2"
        }
    },
    "develop": {}
}
